
Microsoft Visual Studio Solution File, Format Version 12.00
# Visual Studio Version 17
VisualStudioVersion = 17.5.33424.131
MinimumVisualStudioVersion = 10.0.40219.1
Project("{FAE04EC0-301F-11D3-BF4B-00C04F79EFBC}") = "HomeValueHub.Shared", "HomeValueHub.Shared\HomeValueHub.Shared.csproj", "{F7CC205E-72DE-45CC-AC62-F52F9A06956C}"
EndProject
Global
	GlobalSection(SolutionConfigurationPlatforms) = preSolution
		Debug|Any CPU = Debug|Any CPU
		Release|Any CPU = Release|Any CPU
	EndGlobalSection
	GlobalSection(ProjectConfigurationPlatforms) = postSolution
		{F7CC205E-72DE-45CC-AC62-F52F9A06956C}.Debug|Any CPU.ActiveCfg = Debug|Any CPU
		{F7CC205E-72DE-45CC-AC62-F52F9A06956C}.Debug|Any CPU.Build.0 = Debug|Any CPU
		{F7CC205E-72DE-45CC-AC62-F52F9A06956C}.Release|Any CPU.ActiveCfg = Release|Any CPU
		{F7CC205E-72DE-45CC-AC62-F52F9A06956C}.Release|Any CPU.Build.0 = Release|Any CPU
	EndGlobalSection
	GlobalSection(SolutionProperties) = preSolution
		HideSolutionNode = FALSE
	EndGlobalSection
	GlobalSection(ExtensibilityGlobals) = postSolution
		SolutionGuid = {5655506F-05F5-431F-9891-79ADB2E08464}
	EndGlobalSection
EndGlobal
