
Microsoft Visual Studio Solution File, Format Version 12.00
# Visual Studio Version 17
VisualStudioVersion = 17.5.33424.131
MinimumVisualStudioVersion = 10.0.40219.1
Project("{9A19103F-16F7-4668-BE54-9A1E7A4F7556}") = "HomeValueHub.Api", "HomeValueHub.Api\HomeValueHub.Api.csproj", "{3909539F-44A4-42AE-8207-99A0493A89D7}"
EndProject
Project("{9A19103F-16F7-4668-BE54-9A1E7A4F7556}") = "HomeValueHub.Shared", "..\HomeValueHub.Shared\HomeValueHub.Shared\HomeValueHub.Shared.csproj", "{8CC14316-33A1-46BE-AA6B-95D6035DDF0E}"
EndProject
Global
	GlobalSection(SolutionConfigurationPlatforms) = preSolution
		Debug|Any CPU = Debug|Any CPU
		Release|Any CPU = Release|Any CPU
	EndGlobalSection
	GlobalSection(ProjectConfigurationPlatforms) = postSolution
		{3909539F-44A4-42AE-8207-99A0493A89D7}.Debug|Any CPU.ActiveCfg = Debug|Any CPU
		{3909539F-44A4-42AE-8207-99A0493A89D7}.Debug|Any CPU.Build.0 = Debug|Any CPU
		{3909539F-44A4-42AE-8207-99A0493A89D7}.Release|Any CPU.ActiveCfg = Release|Any CPU
		{3909539F-44A4-42AE-8207-99A0493A89D7}.Release|Any CPU.Build.0 = Release|Any CPU
		{8CC14316-33A1-46BE-AA6B-95D6035DDF0E}.Debug|Any CPU.ActiveCfg = Debug|Any CPU
		{8CC14316-33A1-46BE-AA6B-95D6035DDF0E}.Debug|Any CPU.Build.0 = Debug|Any CPU
		{8CC14316-33A1-46BE-AA6B-95D6035DDF0E}.Release|Any CPU.ActiveCfg = Release|Any CPU
		{8CC14316-33A1-46BE-AA6B-95D6035DDF0E}.Release|Any CPU.Build.0 = Release|Any CPU
	EndGlobalSection
	GlobalSection(SolutionProperties) = preSolution
		HideSolutionNode = FALSE
	EndGlobalSection
	GlobalSection(ExtensibilityGlobals) = postSolution
		SolutionGuid = {E2FA18C3-192A-42C9-941B-148E9C037CEE}
	EndGlobalSection
EndGlobal
